
Microsoft Visual Studio Solution File, Format Version 12.00
# Visual Studio Version 17
VisualStudioVersion = 17.12.35527.113 d17.12
MinimumVisualStudioVersion = 10.0.40219.1
Project("{FAE04EC0-301F-11D3-BF4B-00C04F79EFBC}") = "TP_Promo_Equipo5B", "TP_Promo_Equipo5B\TP_Promo_Equipo5B.csproj", "{33BFE4BC-7B70-44C1-B4F8-B93522EF084B}"
EndProject
Project("{FAE04EC0-301F-11D3-BF4B-00C04F79EFBC}") = "Dominio", "Dominio\Dominio.csproj", "{63E1EC3C-0239-4ACB-A3B7-56C9450A49F5}"
EndProject
Project("{FAE04EC0-301F-11D3-BF4B-00C04F79EFBC}") = "Negocio", "Negocio\Negocio.csproj", "{F7CA477F-5B8D-45D4-8A27-DFEACEB41D42}"
EndProject
Global
	GlobalSection(SolutionConfigurationPlatforms) = preSolution
		Debug|Any CPU = Debug|Any CPU
		Release|Any CPU = Release|Any CPU
	EndGlobalSection
	GlobalSection(ProjectConfigurationPlatforms) = postSolution
		{33BFE4BC-7B70-44C1-B4F8-B93522EF084B}.Debug|Any CPU.ActiveCfg = Debug|Any CPU
		{33BFE4BC-7B70-44C1-B4F8-B93522EF084B}.Debug|Any CPU.Build.0 = Debug|Any CPU
		{33BFE4BC-7B70-44C1-B4F8-B93522EF084B}.Release|Any CPU.ActiveCfg = Release|Any CPU
		{33BFE4BC-7B70-44C1-B4F8-B93522EF084B}.Release|Any CPU.Build.0 = Release|Any CPU
		{63E1EC3C-0239-4ACB-A3B7-56C9450A49F5}.Debug|Any CPU.ActiveCfg = Debug|Any CPU
		{63E1EC3C-0239-4ACB-A3B7-56C9450A49F5}.Debug|Any CPU.Build.0 = Debug|Any CPU
		{63E1EC3C-0239-4ACB-A3B7-56C9450A49F5}.Release|Any CPU.ActiveCfg = Release|Any CPU
		{63E1EC3C-0239-4ACB-A3B7-56C9450A49F5}.Release|Any CPU.Build.0 = Release|Any CPU
		{F7CA477F-5B8D-45D4-8A27-DFEACEB41D42}.Debug|Any CPU.ActiveCfg = Debug|Any CPU
		{F7CA477F-5B8D-45D4-8A27-DFEACEB41D42}.Debug|Any CPU.Build.0 = Debug|Any CPU
		{F7CA477F-5B8D-45D4-8A27-DFEACEB41D42}.Release|Any CPU.ActiveCfg = Release|Any CPU
		{F7CA477F-5B8D-45D4-8A27-DFEACEB41D42}.Release|Any CPU.Build.0 = Release|Any CPU
	EndGlobalSection
	GlobalSection(SolutionProperties) = preSolution
		HideSolutionNode = FALSE
	EndGlobalSection
EndGlobal
